
Microsoft Visual Studio Solution File, Format Version 12.00
# Visual Studio Version 17
VisualStudioVersion = 17.4.33110.190
MinimumVisualStudioVersion = 10.0.40219.1
Project("{FAE04EC0-301F-11D3-BF4B-00C04F79EFBC}") = "NFactorialLinq", "NFactorialLinq\NFactorialLinq.csproj", "{A1036022-46CF-4397-AD04-29761405E21D}"
EndProject
Global
	GlobalSection(SolutionConfigurationPlatforms) = preSolution
		Debug|Any CPU = Debug|Any CPU
		Release|Any CPU = Release|Any CPU
	EndGlobalSection
	GlobalSection(ProjectConfigurationPlatforms) = postSolution
		{A1036022-46CF-4397-AD04-29761405E21D}.Debug|Any CPU.ActiveCfg = Debug|Any CPU
		{A1036022-46CF-4397-AD04-29761405E21D}.Debug|Any CPU.Build.0 = Debug|Any CPU
		{A1036022-46CF-4397-AD04-29761405E21D}.Release|Any CPU.ActiveCfg = Release|Any CPU
		{A1036022-46CF-4397-AD04-29761405E21D}.Release|Any CPU.Build.0 = Release|Any CPU
	EndGlobalSection
	GlobalSection(SolutionProperties) = preSolution
		HideSolutionNode = FALSE
	EndGlobalSection
	GlobalSection(ExtensibilityGlobals) = postSolution
		SolutionGuid = {EDCC415C-44DE-4CC7-B021-4415A6707DC1}
	EndGlobalSection
EndGlobal
